github.com/nathanverrilli/denJson v0.1.0 h1:ECPe4LfHdY1sz59aesBkRKFJo6FqUfr8bRg3z0CQWew=
github.com/nathanverrilli/denJson v0.1.0/go.mod h1:ewRYkHjKYXAlO/res4LA+dOuIGYoddl+YmYqsPxgsjs=
github.com/nathanverrilli/nlvMisc v0.1.0 h1:E/DgcLv/Q4hfMw0zQ6sVvlM+En8ejSxedm2qJGSeZqw=
github.com/nathanverrilli/nlvMisc v0.1.0/go.mod h1:TLJW/EiLp7gBm2BUosIi/oii2RzRvrG4Zts8/Fp79bg=
github.com/shopspring/decimal v1.4.0 h1:bxl37RwXBklmTi0C79JfXCEBD1cqqHt0bbgBAGFp81k=
github.com/shopspring/decimal v1.4.0/go.mod h1:gawqmDU56v4yIKSwfBSFip1HdCCXN8/+DMd9qYNcwME=
github.com/spf13/pflag v1.0.10 h1:4EBh2KAYBwaONj6b2Ye1GiHfwjqyROoF4RwYO+vPwFk=
github.com/spf13/pflag v1.0.10/go.mod h1:McXfInJRrz4CZXVZOBLb0bTZqETkiAhM9Iw0y3An2Bg=
